{
  "name": "npm-pkg-deps",
  "version": "1.0.0",
  "lockfileVersion": 1,
  "requires": true,
  "dependencies": {
    "npm-pkg-no-deps": {
      "version": "1.0.0",
      "resolved": "https://registry.npmjs.org/npm-pkg-no-deps/-/npm-pkg-no-deps-1.0.0.tgz",
      "integrity": "sha512-UR89T8/FsWxgiLwrSfH2h6kmfchZbSZ02PwJuCvIwh12jvOSYy/Q9oNRpSQSrtTFRQZQGpfdWA/o6TAWhePaIQ=="
    }
  }
}
